// !$*UTF8*$!
{
	archiveVersion = 1;
	classes = {
	};
	objectVersion = 50;
	objects = {

/* Begin PBXBuildFile section */
		9525AAD1259E660B000B7A3B /* AppDelegate.swift in Sources */ = {isa = PBXBuildFile; fileRef = 9525AAD0259E660B000B7A3B /* AppDelegate.swift */; };
		9525AAD3259E660B000B7A3B /* SceneDelegate.swift in Sources */ = {isa = PBXBuildFile; fileRef = 9525AAD2259E660B000B7A3B /* SceneDelegate.swift */; };
		9525AAD5259E660B000B7A3B /* ViewController.swift in Sources */ = {isa = PBXBuildFile; fileRef = 9525AAD4259E660B000B7A3B /* ViewController.swift */; };
		9525AAD8259E660B000B7A3B /* Main.storyboard in Resources */ = {isa = PBXBuildFile; fileRef = 9525AAD6259E660B000B7A3B /* Main.storyboard */; };
		9525AADA259E660D000B7A3B /* Assets.xcassets in Resources */ = {isa = PBXBuildFile; fileRef = 9525AAD9259E660D000B7A3B /* Assets.xcassets */; };
		9525AADD259E660D000B7A3B /* LaunchScreen.storyboard in Resources */ = {isa = PBXBuildFile; fileRef = 9525AADB259E660D000B7A3B /* LaunchScreen.storyboard */; };
		9525AAE8259E660D000B7A3B /* PicoCartTests.swift in Sources */ = {isa = PBXBuildFile; fileRef = 9525AAE7259E660D000B7A3B /* PicoCartTests.swift */; };
		9525AAF3259E660D000B7A3B /* PicoCartUITests.swift in Sources */ = {isa = PBXBuildFile; fileRef = 9525AAF2259E660D000B7A3B /* PicoCartUITests.swift */; };
		9525AB04259E66A9000B7A3B /* ScreenBufferView.swift in Sources */ = {isa = PBXBuildFile; fileRef = 9525AB03259E66A9000B7A3B /* ScreenBufferView.swift */; };
		D286D62325BCA08D00AC31EE /* UIColorExtensions.swift in Sources */ = {isa = PBXBuildFile; fileRef = D286D62225BCA08D00AC31EE /* UIColorExtensions.swift */; };
		D286D62A25BCAD8100AC31EE /* PicoRender.swift in Sources */ = {isa = PBXBuildFile; fileRef = D286D62825BCAD8100AC31EE /* PicoRender.swift */; };
		D286D62B25BCAD8100AC31EE /* PicoRenderCG.swift in Sources */ = {isa = PBXBuildFile; fileRef = D286D62925BCAD8100AC31EE /* PicoRenderCG.swift */; };
		D286D63225BCB3F800AC31EE /* Cart.swift in Sources */ = {isa = PBXBuildFile; fileRef = D286D63125BCB3F800AC31EE /* Cart.swift */; };
		D286D63F25BCB57800AC31EE /* Cart1.swift in Sources */ = {isa = PBXBuildFile; fileRef = D286D63E25BCB57800AC31EE /* Cart1.swift */; };
		D286D64425BCB6C700AC31EE /* Cart2.swift in Sources */ = {isa = PBXBuildFile; fileRef = D286D64325BCB6C700AC31EE /* Cart2.swift */; };
		D286D64925BCCD9F00AC31EE /* Cart3.swift in Sources */ = {isa = PBXBuildFile; fileRef = D286D64825BCCD9F00AC31EE /* Cart3.swift */; };
		D286D64E25BCCE3F00AC31EE /* Cart4.swift in Sources */ = {isa = PBXBuildFile; fileRef = D286D64D25BCCE3F00AC31EE /* Cart4.swift */; };
		D286D65325BCCEC800AC31EE /* Cart5.swift in Sources */ = {isa = PBXBuildFile; fileRef = D286D65225BCCEC800AC31EE /* Cart5.swift */; };
		D286D65825BCCF1400AC31EE /* Cart6.swift in Sources */ = {isa = PBXBuildFile; fileRef = D286D65725BCCF1400AC31EE /* Cart6.swift */; };
		D286D65D25BCCFBA00AC31EE /* Cart7.swift in Sources */ = {isa = PBXBuildFile; fileRef = D286D65C25BCCFBA00AC31EE /* Cart7.swift */; };
		D286D66225BCD1BC00AC31EE /* PicoRenderPgetPset.swift in Sources */ = {isa = PBXBuildFile; fileRef = D286D66125BCD1BC00AC31EE /* PicoRenderPgetPset.swift */; };
		D286D66725BD20CE00AC31EE /* Cart8.swift in Sources */ = {isa = PBXBuildFile; fileRef = D286D66625BD20CE00AC31EE /* Cart8.swift */; };
		D286D66C25BD2B4C00AC31EE /* Cart9.swift in Sources */ = {isa = PBXBuildFile; fileRef = D286D66B25BD2B4C00AC31EE /* Cart9.swift */; };
		D286D67125BE146500AC31EE /* Cart10.swift in Sources */ = {isa = PBXBuildFile; fileRef = D286D67025BE146500AC31EE /* Cart10.swift */; };
/* End PBXBuildFile section */

/* Begin PBXContainerItemProxy section */
		9525AAE4259E660D000B7A3B /* PBXContainerItemProxy */ = {
			isa = PBXContainerItemProxy;
			containerPortal = 9525AAC5259E660B000B7A3B /* Project object */;
			proxyType = 1;
			remoteGlobalIDString = 9525AACC259E660B000B7A3B;
			remoteInfo = PicoCart;
		};
		9525AAEF259E660D000B7A3B /* PBXContainerItemProxy */ = {
			isa = PBXContainerItemProxy;
			containerPortal = 9525AAC5259E660B000B7A3B /* Project object */;
			proxyType = 1;
			remoteGlobalIDString = 9525AACC259E660B000B7A3B;
			remoteInfo = PicoCart;
		};
/* End PBXContainerItemProxy section */

/* Begin PBXFileReference section */
		9525AACD259E660B000B7A3B /* PicoCart.app */ = {isa = PBXFileReference; explicitFileType = wrapper.application; includeInIndex = 0; path = PicoCart.app; sourceTree = BUILT_PRODUCTS_DIR; };
		9525AAD0259E660B000B7A3B /* AppDelegate.swift */ = {isa = PBXFileReference; lastKnownFileType = sourcecode.swift; path = AppDelegate.swift; sourceTree = "<group>"; };
		9525AAD2259E660B000B7A3B /* SceneDelegate.swift */ = {isa = PBXFileReference; lastKnownFileType = sourcecode.swift; path = SceneDelegate.swift; sourceTree = "<group>"; };
		9525AAD4259E660B000B7A3B /* ViewController.swift */ = {isa = PBXFileReference; lastKnownFileType = sourcecode.swift; path = ViewController.swift; sourceTree = "<group>"; };
		9525AAD7259E660B000B7A3B /* Base */ = {isa = PBXFileReference; lastKnownFileType = file.storyboard; name = Base; path = Base.lproj/Main.storyboard; sourceTree = "<group>"; };
		9525AAD9259E660D000B7A3B /* Assets.xcassets */ = {isa = PBXFileReference; lastKnownFileType = folder.assetcatalog; path = Assets.xcassets; sourceTree = "<group>"; };
		9525AADC259E660D000B7A3B /* Base */ = {isa = PBXFileReference; lastKnownFileType = file.storyboard; name = Base; path = Base.lproj/LaunchScreen.storyboard; sourceTree = "<group>"; };
		9525AADE259E660D000B7A3B /* Info.plist */ = {isa = PBXFileReference; lastKnownFileType = text.plist.xml; path = Info.plist; sourceTree = "<group>"; };
		9525AAE3259E660D000B7A3B /* PicoCartTests.xctest */ = {isa = PBXFileReference; explicitFileType = wrapper.cfbundle; includeInIndex = 0; path = PicoCartTests.xctest; sourceTree = BUILT_PRODUCTS_DIR; };
		9525AAE7259E660D000B7A3B /* PicoCartTests.swift */ = {isa = PBXFileReference; lastKnownFileType = sourcecode.swift; path = PicoCartTests.swift; sourceTree = "<group>"; };
		9525AAE9259E660D000B7A3B /* Info.plist */ = {isa = PBXFileReference; lastKnownFileType = text.plist.xml; path = Info.plist; sourceTree = "<group>"; };
		9525AAEE259E660D000B7A3B /* PicoCartUITests.xctest */ = {isa = PBXFileReference; explicitFileType = wrapper.cfbundle; includeInIndex = 0; path = PicoCartUITests.xctest; sourceTree = BUILT_PRODUCTS_DIR; };
		9525AAF2259E660D000B7A3B /* PicoCartUITests.swift */ = {isa = PBXFileReference; lastKnownFileType = sourcecode.swift; path = PicoCartUITests.swift; sourceTree = "<group>"; };
		9525AAF4259E660D000B7A3B /* Info.plist */ = {isa = PBXFileReference; lastKnownFileType = text.plist.xml; path = Info.plist; sourceTree = "<group>"; };
		9525AB03259E66A9000B7A3B /* ScreenBufferView.swift */ = {isa = PBXFileReference; lastKnownFileType = sourcecode.swift; path = ScreenBufferView.swift; sourceTree = "<group>"; };
		D286D62225BCA08D00AC31EE /* UIColorExtensions.swift */ = {isa = PBXFileReference; fileEncoding = 4; lastKnownFileType = sourcecode.swift; path = UIColorExtensions.swift; sourceTree = "<group>"; };
		D286D62825BCAD8100AC31EE /* PicoRender.swift */ = {isa = PBXFileReference; fileEncoding = 4; lastKnownFileType = sourcecode.swift; path = PicoRender.swift; sourceTree = "<group>"; };
		D286D62925BCAD8100AC31EE /* PicoRenderCG.swift */ = {isa = PBXFileReference; fileEncoding = 4; lastKnownFileType = sourcecode.swift; path = PicoRenderCG.swift; sourceTree = "<group>"; };
		D286D63125BCB3F800AC31EE /* Cart.swift */ = {isa = PBXFileReference; fileEncoding = 4; lastKnownFileType = sourcecode.swift; path = Cart.swift; sourceTree = "<group>"; };
		D286D63E25BCB57800AC31EE /* Cart1.swift */ = {isa = PBXFileReference; fileEncoding = 4; lastKnownFileType = sourcecode.swift; path = Cart1.swift; sourceTree = "<group>"; };
		D286D64325BCB6C700AC31EE /* Cart2.swift */ = {isa = PBXFileReference; lastKnownFileType = sourcecode.swift; path = Cart2.swift; sourceTree = "<group>"; };
		D286D64825BCCD9F00AC31EE /* Cart3.swift */ = {isa = PBXFileReference; lastKnownFileType = sourcecode.swift; path = Cart3.swift; sourceTree = "<group>"; };
		D286D64D25BCCE3F00AC31EE /* Cart4.swift */ = {isa = PBXFileReference; lastKnownFileType = sourcecode.swift; path = Cart4.swift; sourceTree = "<group>"; };
		D286D65225BCCEC800AC31EE /* Cart5.swift */ = {isa = PBXFileReference; lastKnownFileType = sourcecode.swift; path = Cart5.swift; sourceTree = "<group>"; };
		D286D65725BCCF1400AC31EE /* Cart6.swift */ = {isa = PBXFileReference; lastKnownFileType = sourcecode.swift; path = Cart6.swift; sourceTree = "<group>"; };
		D286D65C25BCCFBA00AC31EE /* Cart7.swift */ = {isa = PBXFileReference; lastKnownFileType = sourcecode.swift; path = Cart7.swift; sourceTree = "<group>"; };
		D286D66125BCD1BC00AC31EE /* PicoRenderPgetPset.swift */ = {isa = PBXFileReference; lastKnownFileType = sourcecode.swift; path = PicoRenderPgetPset.swift; sourceTree = "<group>"; };
		D286D66625BD20CE00AC31EE /* Cart8.swift */ = {isa = PBXFileReference; lastKnownFileType = sourcecode.swift; path = Cart8.swift; sourceTree = "<group>"; };
		D286D66B25BD2B4C00AC31EE /* Cart9.swift */ = {isa = PBXFileReference; lastKnownFileType = sourcecode.swift; path = Cart9.swift; sourceTree = "<group>"; };
		D286D67025BE146500AC31EE /* Cart10.swift */ = {isa = PBXFileReference; lastKnownFileType = sourcecode.swift; path = Cart10.swift; sourceTree = "<group>"; };
/* End PBXFileReference section */

/* Begin PBXFrameworksBuildPhase section */
		9525AACA259E660B000B7A3B /* Frameworks */ = {
			isa = PBXFrameworksBuildPhase;
			buildActionMask = 2147483647;
			files = (
			);
			runOnlyForDeploymentPostprocessing = 0;
		};
		9525AAE0259E660D000B7A3B /* Frameworks */ = {
			isa = PBXFrameworksBuildPhase;
			buildActionMask = 2147483647;
			files = (
			);
			runOnlyForDeploymentPostprocessing = 0;
		};
		9525AAEB259E660D000B7A3B /* Frameworks */ = {
			isa = PBXFrameworksBuildPhase;
			buildActionMask = 2147483647;
			files = (
			);
			runOnlyForDeploymentPostprocessing = 0;
		};
/* End PBXFrameworksBuildPhase section */

/* Begin PBXGroup section */
		9525AAC4259E660B000B7A3B = {
			isa = PBXGroup;
			children = (
				9525AACF259E660B000B7A3B /* PicoCart */,
				9525AAE6259E660D000B7A3B /* PicoCartTests */,
				9525AAF1259E660D000B7A3B /* PicoCartUITests */,
				9525AACE259E660B000B7A3B /* Products */,
			);
			sourceTree = "<group>";
		};
		9525AACE259E660B000B7A3B /* Products */ = {
			isa = PBXGroup;
			children = (
				9525AACD259E660B000B7A3B /* PicoCart.app */,
				9525AAE3259E660D000B7A3B /* PicoCartTests.xctest */,
				9525AAEE259E660D000B7A3B /* PicoCartUITests.xctest */,
			);
			name = Products;
			sourceTree = "<group>";
		};
		9525AACF259E660B000B7A3B /* PicoCart */ = {
			isa = PBXGroup;
			children = (
				D286D63025BCB3F800AC31EE /* cart */,
				D286D62725BCAD8100AC31EE /* pico8 */,
				D286D62125BCA06600AC31EE /* extensions */,
				9525AAD0259E660B000B7A3B /* AppDelegate.swift */,
				9525AAD2259E660B000B7A3B /* SceneDelegate.swift */,
				9525AAD4259E660B000B7A3B /* ViewController.swift */,
				9525AAD6259E660B000B7A3B /* Main.storyboard */,
				9525AAD9259E660D000B7A3B /* Assets.xcassets */,
				9525AADB259E660D000B7A3B /* LaunchScreen.storyboard */,
				9525AADE259E660D000B7A3B /* Info.plist */,
				9525AB03259E66A9000B7A3B /* ScreenBufferView.swift */,
			);
			path = PicoCart;
			sourceTree = "<group>";
		};
		9525AAE6259E660D000B7A3B /* PicoCartTests */ = {
			isa = PBXGroup;
			children = (
				9525AAE7259E660D000B7A3B /* PicoCartTests.swift */,
				9525AAE9259E660D000B7A3B /* Info.plist */,
			);
			path = PicoCartTests;
			sourceTree = "<group>";
		};
		9525AAF1259E660D000B7A3B /* PicoCartUITests */ = {
			isa = PBXGroup;
			children = (
				9525AAF2259E660D000B7A3B /* PicoCartUITests.swift */,
				9525AAF4259E660D000B7A3B /* Info.plist */,
			);
			path = PicoCartUITests;
			sourceTree = "<group>";
		};
		D286D62125BCA06600AC31EE /* extensions */ = {
			isa = PBXGroup;
			children = (
				D286D62225BCA08D00AC31EE /* UIColorExtensions.swift */,
			);
			path = extensions;
			sourceTree = "<group>";
		};
		D286D62725BCAD8100AC31EE /* pico8 */ = {
			isa = PBXGroup;
			children = (
				D286D62825BCAD8100AC31EE /* PicoRender.swift */,
				D286D62925BCAD8100AC31EE /* PicoRenderCG.swift */,
				D286D66125BCD1BC00AC31EE /* PicoRenderPgetPset.swift */,
			);
			path = pico8;
			sourceTree = "<group>";
		};
		D286D63025BCB3F800AC31EE /* cart */ = {
			isa = PBXGroup;
			children = (
				D286D63E25BCB57800AC31EE /* Cart1.swift */,
				D286D63125BCB3F800AC31EE /* Cart.swift */,
				D286D64325BCB6C700AC31EE /* Cart2.swift */,
				D286D64825BCCD9F00AC31EE /* Cart3.swift */,
				D286D64D25BCCE3F00AC31EE /* Cart4.swift */,
				D286D65225BCCEC800AC31EE /* Cart5.swift */,
				D286D65725BCCF1400AC31EE /* Cart6.swift */,
				D286D65C25BCCFBA00AC31EE /* Cart7.swift */,
				D286D66625BD20CE00AC31EE /* Cart8.swift */,
				D286D66B25BD2B4C00AC31EE /* Cart9.swift */,
				D286D67025BE146500AC31EE /* Cart10.swift */,
			);
			path = cart;
			sourceTree = "<group>";
		};
/* End PBXGroup section */

/* Begin PBXNativeTarget section */
		9525AACC259E660B000B7A3B /* PicoCart */ = {
			isa = PBXNativeTarget;
			buildConfigurationList = 9525AAF7259E660D000B7A3B /* Build configuration list for PBXNativeTarget "PicoCart" */;
			buildPhases = (
				9525AAC9259E660B000B7A3B /* Sources */,
				9525AACA259E660B000B7A3B /* Frameworks */,
				9525AACB259E660B000B7A3B /* Resources */,
			);
			buildRules = (
			);
			dependencies = (
			);
			name = PicoCart;
			productName = PicoCart;
			productReference = 9525AACD259E660B000B7A3B /* PicoCart.app */;
			productType = "com.apple.product-type.application";
		};
		9525AAE2259E660D000B7A3B /* PicoCartTests */ = {
			isa = PBXNativeTarget;
			buildConfigurationList = 9525AAFA259E660D000B7A3B /* Build configuration list for PBXNativeTarget "PicoCartTests" */;
			buildPhases = (
				9525AADF259E660D000B7A3B /* Sources */,
				9525AAE0259E660D000B7A3B /* Frameworks */,
				9525AAE1259E660D000B7A3B /* Resources */,
			);
			buildRules = (
			);
			dependencies = (
				9525AAE5259E660D000B7A3B /* PBXTargetDependency */,
			);
			name = PicoCartTests;
			productName = PicoCartTests;
			productReference = 9525AAE3259E660D000B7A3B /* PicoCartTests.xctest */;
			productType = "com.apple.product-type.bundle.unit-test";
		};
		9525AAED259E660D000B7A3B /* PicoCartUITests */ = {
			isa = PBXNativeTarget;
			buildConfigurationList = 9525AAFD259E660D000B7A3B /* Build configuration list for PBXNativeTarget "PicoCartUITests" */;
			buildPhases = (
				9525AAEA259E660D000B7A3B /* Sources */,
				9525AAEB259E660D000B7A3B /* Frameworks */,
				9525AAEC259E660D000B7A3B /* Resources */,
			);
			buildRules = (
			);
			dependencies = (
				9525AAF0259E660D000B7A3B /* PBXTargetDependency */,
			);
			name = PicoCartUITests;
			productName = PicoCartUITests;
			productReference = 9525AAEE259E660D000B7A3B /* PicoCartUITests.xctest */;
			productType = "com.apple.product-type.bundle.ui-testing";
		};
/* End PBXNativeTarget section */

/* Begin PBXProject section */
		9525AAC5259E660B000B7A3B /* Project object */ = {
			isa = PBXProject;
			attributes = {
				LastSwiftUpdateCheck = 1230;
				LastUpgradeCheck = 1230;
				TargetAttributes = {
					9525AACC259E660B000B7A3B = {
						CreatedOnToolsVersion = 12.3;
					};
					9525AAE2259E660D000B7A3B = {
						CreatedOnToolsVersion = 12.3;
						TestTargetID = 9525AACC259E660B000B7A3B;
					};
					9525AAED259E660D000B7A3B = {
						CreatedOnToolsVersion = 12.3;
						TestTargetID = 9525AACC259E660B000B7A3B;
					};
				};
			};
			buildConfigurationList = 9525AAC8259E660B000B7A3B /* Build configuration list for PBXProject "PicoCart" */;
			compatibilityVersion = "Xcode 9.3";
			developmentRegion = en;
			hasScannedForEncodings = 0;
			knownRegions = (
				en,
				Base,
			);
			mainGroup = 9525AAC4259E660B000B7A3B;
			productRefGroup = 9525AACE259E660B000B7A3B /* Products */;
			projectDirPath = "";
			projectRoot = "";
			targets = (
				9525AACC259E660B000B7A3B /* PicoCart */,
				9525AAE2259E660D000B7A3B /* PicoCartTests */,
				9525AAED259E660D000B7A3B /* PicoCartUITests */,
			);
		};
/* End PBXProject section */

/* Begin PBXResourcesBuildPhase section */
		9525AACB259E660B000B7A3B /* Resources */ = {
			isa = PBXResourcesBuildPhase;
			buildActionMask = 2147483647;
			files = (
				9525AADD259E660D000B7A3B /* LaunchScreen.storyboard in Resources */,
				9525AADA259E660D000B7A3B /* Assets.xcassets in Resources */,
				9525AAD8259E660B000B7A3B /* Main.storyboard in Resources */,
			);
			runOnlyForDeploymentPostprocessing = 0;
		};
		9525AAE1259E660D000B7A3B /* Resources */ = {
			isa = PBXResourcesBuildPhase;
			buildActionMask = 2147483647;
			files = (
			);
			runOnlyForDeploymentPostprocessing = 0;
		};
		9525AAEC259E660D000B7A3B /* Resources */ = {
			isa = PBXResourcesBuildPhase;
			buildActionMask = 2147483647;
			files = (
			);
			runOnlyForDeploymentPostprocessing = 0;
		};
/* End PBXResourcesBuildPhase section */

/* Begin PBXSourcesBuildPhase section */
		9525AAC9259E660B000B7A3B /* Sources */ = {
			isa = PBXSourcesBuildPhase;
			buildActionMask = 2147483647;
			files = (
				D286D65325BCCEC800AC31EE /* Cart5.swift in Sources */,
				D286D64E25BCCE3F00AC31EE /* Cart4.swift in Sources */,
				D286D64425BCB6C700AC31EE /* Cart2.swift in Sources */,
				D286D62B25BCAD8100AC31EE /* PicoRenderCG.swift in Sources */,
				9525AAD5259E660B000B7A3B /* ViewController.swift in Sources */,
				9525AAD1259E660B000B7A3B /* AppDelegate.swift in Sources */,
				D286D64925BCCD9F00AC31EE /* Cart3.swift in Sources */,
				D286D67125BE146500AC31EE /* Cart10.swift in Sources */,
				D286D63F25BCB57800AC31EE /* Cart1.swift in Sources */,
				9525AB04259E66A9000B7A3B /* ScreenBufferView.swift in Sources */,
				9525AAD3259E660B000B7A3B /* SceneDelegate.swift in Sources */,
				D286D66225BCD1BC00AC31EE /* PicoRenderPgetPset.swift in Sources */,
				D286D65825BCCF1400AC31EE /* Cart6.swift in Sources */,
				D286D62A25BCAD8100AC31EE /* PicoRender.swift in Sources */,
				D286D62325BCA08D00AC31EE /* UIColorExtensions.swift in Sources */,
				D286D63225BCB3F800AC31EE /* Cart.swift in Sources */,
				D286D66725BD20CE00AC31EE /* Cart8.swift in Sources */,
				D286D65D25BCCFBA00AC31EE /* Cart7.swift in Sources */,
				D286D66C25BD2B4C00AC31EE /* Cart9.swift in Sources */,
			);
			runOnlyForDeploymentPostprocessing = 0;
		};
		9525AADF259E660D000B7A3B /* Sources */ = {
			isa = PBXSourcesBuildPhase;
			buildActionMask = 2147483647;
			files = (
				9525AAE8259E660D000B7A3B /* PicoCartTests.swift in Sources */,
			);
			runOnlyForDeploymentPostprocessing = 0;
		};
		9525AAEA259E660D000B7A3B /* Sources */ = {
			isa = PBXSourcesBuildPhase;
			buildActionMask = 2147483647;
			files = (
				9525AAF3259E660D000B7A3B /* PicoCartUITests.swift in Sources */,
			);
			runOnlyForDeploymentPostprocessing = 0;
		};
/* End PBXSourcesBuildPhase section */

/* Begin PBXTargetDependency section */
		9525AAE5259E660D000B7A3B /* PBXTargetDependency */ = {
			isa = PBXTargetDependency;
			target = 9525AACC259E660B000B7A3B /* PicoCart */;
			targetProxy = 9525AAE4259E660D000B7A3B /* PBXContainerItemProxy */;
		};
		9525AAF0259E660D000B7A3B /* PBXTargetDependency */ = {
			isa = PBXTargetDependency;
			target = 9525AACC259E660B000B7A3B /* PicoCart */;
			targetProxy = 9525AAEF259E660D000B7A3B /* PBXContainerItemProxy */;
		};
/* End PBXTargetDependency section */

/* Begin PBXVariantGroup section */
		9525AAD6259E660B000B7A3B /* Main.storyboard */ = {
			isa = PBXVariantGroup;
			children = (
				9525AAD7259E660B000B7A3B /* Base */,
			);
			name = Main.storyboard;
			sourceTree = "<group>";
		};
		9525AADB259E660D000B7A3B /* LaunchScreen.storyboard */ = {
			isa = PBXVariantGroup;
			children = (
				9525AADC259E660D000B7A3B /* Base */,
			);
			name = LaunchScreen.storyboard;
			sourceTree = "<group>";
		};
/* End PBXVariantGroup section */

/* Begin XCBuildConfiguration section */
		9525AAF5259E660D000B7A3B /* Debug */ = {
			isa = XCBuildConfiguration;
			buildSettings = {
				ALWAYS_SEARCH_USER_PATHS = NO;
				CLANG_ANALYZER_NONNULL = YES;
				CLANG_ANALYZER_NUMBER_OBJECT_CONVERSION = YES_AGGRESSIVE;
				CLANG_CXX_LANGUAGE_STANDARD = "gnu++14";
				CLANG_CXX_LIBRARY = "libc++";
				CLANG_ENABLE_MODULES = YES;
				CLANG_ENABLE_OBJC_ARC = YES;
				CLANG_ENABLE_OBJC_WEAK = YES;
				CLANG_WARN_BLOCK_CAPTURE_AUTORELEASING = YES;
				CLANG_WARN_BOOL_CONVERSION = YES;
				CLANG_WARN_COMMA = YES;
				CLANG_WARN_CONSTANT_CONVERSION = YES;
				CLANG_WARN_DEPRECATED_OBJC_IMPLEMENTATIONS = YES;
				CLANG_WARN_DIRECT_OBJC_ISA_USAGE = YES_ERROR;
				CLANG_WARN_DOCUMENTATION_COMMENTS = YES;
				CLANG_WARN_EMPTY_BODY = YES;
				CLANG_WARN_ENUM_CONVERSION = YES;
				CLANG_WARN_INFINITE_RECURSION = YES;
				CLANG_WARN_INT_CONVERSION = YES;
				CLANG_WARN_NON_LITERAL_NULL_CONVERSION = YES;
				CLANG_WARN_OBJC_IMPLICIT_RETAIN_SELF = YES;
				CLANG_WARN_OBJC_LITERAL_CONVERSION = YES;
				CLANG_WARN_OBJC_ROOT_CLASS = YES_ERROR;
				CLANG_WARN_QUOTED_INCLUDE_IN_FRAMEWORK_HEADER = YES;
				CLANG_WARN_RANGE_LOOP_ANALYSIS = YES;
				CLANG_WARN_STRICT_PROTOTYPES = YES;
				CLANG_WARN_SUSPICIOUS_MOVE = YES;
				CLANG_WARN_UNGUARDED_AVAILABILITY = YES_AGGRESSIVE;
				CLANG_WARN_UNREACHABLE_CODE = YES;
				CLANG_WARN__DUPLICATE_METHOD_MATCH = YES;
				COPY_PHASE_STRIP = NO;
				DEBUG_INFORMATION_FORMAT = dwarf;
				ENABLE_STRICT_OBJC_MSGSEND = YES;
				ENABLE_TESTABILITY = YES;
				GCC_C_LANGUAGE_STANDARD = gnu11;
				GCC_DYNAMIC_NO_PIC = NO;
				GCC_NO_COMMON_BLOCKS = YES;
				GCC_OPTIMIZATION_LEVEL = 0;
				GCC_PREPROCESSOR_DEFINITIONS = (
					"DEBUG=1",
					"$(inherited)",
				);
				GCC_WARN_64_TO_32_BIT_CONVERSION = YES;
				GCC_WARN_ABOUT_RETURN_TYPE = YES_ERROR;
				GCC_WARN_UNDECLARED_SELECTOR = YES;
				GCC_WARN_UNINITIALIZED_AUTOS = YES_AGGRESSIVE;
				GCC_WARN_UNUSED_FUNCTION = YES;
				GCC_WARN_UNUSED_VARIABLE = YES;
				IPHONEOS_DEPLOYMENT_TARGET = 14.3;
				MTL_ENABLE_DEBUG_INFO = INCLUDE_SOURCE;
				MTL_FAST_MATH = YES;
				ONLY_ACTIVE_ARCH = YES;
				SDKROOT = iphoneos;
				SWIFT_ACTIVE_COMPILATION_CONDITIONS = DEBUG;
				SWIFT_OPTIMIZATION_LEVEL = "-Onone";
			};
			name = Debug;
		};
		9525AAF6259E660D000B7A3B /* Release */ = {
			isa = XCBuildConfiguration;
			buildSettings = {
				ALWAYS_SEARCH_USER_PATHS = NO;
				CLANG_ANALYZER_NONNULL = YES;
				CLANG_ANALYZER_NUMBER_OBJECT_CONVERSION = YES_AGGRESSIVE;
				CLANG_CXX_LANGUAGE_STANDARD = "gnu++14";
				CLANG_CXX_LIBRARY = "libc++";
				CLANG_ENABLE_MODULES = YES;
				CLANG_ENABLE_OBJC_ARC = YES;
				CLANG_ENABLE_OBJC_WEAK = YES;
				CLANG_WARN_BLOCK_CAPTURE_AUTORELEASING = YES;
				CLANG_WARN_BOOL_CONVERSION = YES;
				CLANG_WARN_COMMA = YES;
				CLANG_WARN_CONSTANT_CONVERSION = YES;
				CLANG_WARN_DEPRECATED_OBJC_IMPLEMENTATIONS = YES;
				CLANG_WARN_DIRECT_OBJC_ISA_USAGE = YES_ERROR;
				CLANG_WARN_DOCUMENTATION_COMMENTS = YES;
				CLANG_WARN_EMPTY_BODY = YES;
				CLANG_WARN_ENUM_CONVERSION = YES;
				CLANG_WARN_INFINITE_RECURSION = YES;
				CLANG_WARN_INT_CONVERSION = YES;
				CLANG_WARN_NON_LITERAL_NULL_CONVERSION = YES;
				CLANG_WARN_OBJC_IMPLICIT_RETAIN_SELF = YES;
				CLANG_WARN_OBJC_LITERAL_CONVERSION = YES;
				CLANG_WARN_OBJC_ROOT_CLASS = YES_ERROR;
				CLANG_WARN_QUOTED_INCLUDE_IN_FRAMEWORK_HEADER = YES;
				CLANG_WARN_RANGE_LOOP_ANALYSIS = YES;
				CLANG_WARN_STRICT_PROTOTYPES = YES;
				CLANG_WARN_SUSPICIOUS_MOVE = YES;
				CLANG_WARN_UNGUARDED_AVAILABILITY = YES_AGGRESSIVE;
				CLANG_WARN_UNREACHABLE_CODE = YES;
				CLANG_WARN__DUPLICATE_METHOD_MATCH = YES;
				COPY_PHASE_STRIP = NO;
				DEBUG_INFORMATION_FORMAT = "dwarf-with-dsym";
				ENABLE_NS_ASSERTIONS = NO;
				ENABLE_STRICT_OBJC_MSGSEND = YES;
				GCC_C_LANGUAGE_STANDARD = gnu11;
				GCC_NO_COMMON_BLOCKS = YES;
				GCC_WARN_64_TO_32_BIT_CONVERSION = YES;
				GCC_WARN_ABOUT_RETURN_TYPE = YES_ERROR;
				GCC_WARN_UNDECLARED_SELECTOR = YES;
				GCC_WARN_UNINITIALIZED_AUTOS = YES_AGGRESSIVE;
				GCC_WARN_UNUSED_FUNCTION = YES;
				GCC_WARN_UNUSED_VARIABLE = YES;
				IPHONEOS_DEPLOYMENT_TARGET = 14.3;
				MTL_ENABLE_DEBUG_INFO = NO;
				MTL_FAST_MATH = YES;
				SDKROOT = iphoneos;
				SWIFT_COMPILATION_MODE = wholemodule;
				SWIFT_OPTIMIZATION_LEVEL = "-O";
				VALIDATE_PRODUCT = YES;
			};
			name = Release;
		};
		9525AAF8259E660D000B7A3B /* Debug */ = {
			isa = XCBuildConfiguration;
			buildSettings = {
				ASSETCATALOG_COMPILER_APPICON_NAME = AppIcon;
				ASSETCATALOG_COMPILER_GLOBAL_ACCENT_COLOR_NAME = AccentColor;
				CODE_SIGN_STYLE = Automatic;
				DEVELOPMENT_TEAM = R6JGGW22XF;
				INFOPLIST_FILE = PicoCart/Info.plist;
				LD_RUNPATH_SEARCH_PATHS = (
					"$(inherited)",
					"@executable_path/Frameworks",
				);
				PRODUCT_BUNDLE_IDENTIFIER = com.ctc.PicoCart;
				PRODUCT_NAME = "$(TARGET_NAME)";
				SWIFT_VERSION = 5.0;
				TARGETED_DEVICE_FAMILY = "1,2";
			};
			name = Debug;
		};
		9525AAF9259E660D000B7A3B /* Release */ = {
			isa = XCBuildConfiguration;
			buildSettings = {
				ASSETCATALOG_COMPILER_APPICON_NAME = AppIcon;
				ASSETCATALOG_COMPILER_GLOBAL_ACCENT_COLOR_NAME = AccentColor;
				CODE_SIGN_STYLE = Automatic;
				DEVELOPMENT_TEAM = R6JGGW22XF;
				INFOPLIST_FILE = PicoCart/Info.plist;
				LD_RUNPATH_SEARCH_PATHS = (
					"$(inherited)",
					"@executable_path/Frameworks",
				);
				PRODUCT_BUNDLE_IDENTIFIER = com.ctc.PicoCart;
				PRODUCT_NAME = "$(TARGET_NAME)";
				SWIFT_VERSION = 5.0;
				TARGETED_DEVICE_FAMILY = "1,2";
			};
			name = Release;
		};
		9525AAFB259E660D000B7A3B /* Debug */ = {
			isa = XCBuildConfiguration;
			buildSettings = {
				ALWAYS_EMBED_SWIFT_STANDARD_LIBRARIES = YES;
				BUNDLE_LOADER = "$(TEST_HOST)";
				CODE_SIGN_STYLE = Automatic;
				DEVELOPMENT_TEAM = R6JGGW22XF;
				INFOPLIST_FILE = PicoCartTests/Info.plist;
				IPHONEOS_DEPLOYMENT_TARGET = 14.3;
				LD_RUNPATH_SEARCH_PATHS = (
					"$(inherited)",
					"@executable_path/Frameworks",
					"@loader_path/Frameworks",
				);
				PRODUCT_BUNDLE_IDENTIFIER = com.ctc.PicoCartTests;
				PRODUCT_NAME = "$(TARGET_NAME)";
				SWIFT_VERSION = 5.0;
				TARGETED_DEVICE_FAMILY = "1,2";
				TEST_HOST = "$(BUILT_PRODUCTS_DIR)/PicoCart.app/PicoCart";
			};
			name = Debug;
		};
		9525AAFC259E660D000B7A3B /* Release */ = {
			isa = XCBuildConfiguration;
			buildSettings = {
				ALWAYS_EMBED_SWIFT_STANDARD_LIBRARIES = YES;
				BUNDLE_LOADER = "$(TEST_HOST)";
				CODE_SIGN_STYLE = Automatic;
				DEVELOPMENT_TEAM = R6JGGW22XF;
				INFOPLIST_FILE = PicoCartTests/Info.plist;
				IPHONEOS_DEPLOYMENT_TARGET = 14.3;
				LD_RUNPATH_SEARCH_PATHS = (
					"$(inherited)",
					"@executable_path/Frameworks",
					"@loader_path/Frameworks",
				);
				PRODUCT_BUNDLE_IDENTIFIER = com.ctc.PicoCartTests;
				PRODUCT_NAME = "$(TARGET_NAME)";
				SWIFT_VERSION = 5.0;
				TARGETED_DEVICE_FAMILY = "1,2";
				TEST_HOST = "$(BUILT_PRODUCTS_DIR)/PicoCart.app/PicoCart";
			};
			name = Release;
		};
		9525AAFE259E660D000B7A3B /* Debug */ = {
			isa = XCBuildConfiguration;
			buildSettings = {
				ALWAYS_EMBED_SWIFT_STANDARD_LIBRARIES = YES;
				CODE_SIGN_STYLE = Automatic;
				DEVELOPMENT_TEAM = R6JGGW22XF;
				INFOPLIST_FILE = PicoCartUITests/Info.plist;
				LD_RUNPATH_SEARCH_PATHS = (
					"$(inherited)",
					"@executable_path/Frameworks",
					"@loader_path/Frameworks",
				);
				PRODUCT_BUNDLE_IDENTIFIER = com.ctc.PicoCartUITests;
				PRODUCT_NAME = "$(TARGET_NAME)";
				SWIFT_VERSION = 5.0;
				TARGETED_DEVICE_FAMILY = "1,2";
				TEST_TARGET_NAME = PicoCart;
			};
			name = Debug;
		};
		9525AAFF259E660D000B7A3B /* Release */ = {
			isa = XCBuildConfiguration;
			buildSettings = {
				ALWAYS_EMBED_SWIFT_STANDARD_LIBRARIES = YES;
				CODE_SIGN_STYLE = Automatic;
				DEVELOPMENT_TEAM = R6JGGW22XF;
				INFOPLIST_FILE = PicoCartUITests/Info.plist;
				LD_RUNPATH_SEARCH_PATHS = (
					"$(inherited)",
					"@executable_path/Frameworks",
					"@loader_path/Frameworks",
				);
				PRODUCT_BUNDLE_IDENTIFIER = com.ctc.PicoCartUITests;
				PRODUCT_NAME = "$(TARGET_NAME)";
				SWIFT_VERSION = 5.0;
				TARGETED_DEVICE_FAMILY = "1,2";
				TEST_TARGET_NAME = PicoCart;
			};
			name = Release;
		};
/* End XCBuildConfiguration section */

/* Begin XCConfigurationList section */
		9525AAC8259E660B000B7A3B /* Build configuration list for PBXProject "PicoCart" */ = {
			isa = XCConfigurationList;
			buildConfigurations = (
				9525AAF5259E660D000B7A3B /* Debug */,
				9525AAF6259E660D000B7A3B /* Release */,
			);
			defaultConfigurationIsVisible = 0;
			defaultConfigurationName = Release;
		};
		9525AAF7259E660D000B7A3B /* Build configuration list for PBXNativeTarget "PicoCart" */ = {
			isa = XCConfigurationList;
			buildConfigurations = (
				9525AAF8259E660D000B7A3B /* Debug */,
				9525AAF9259E660D000B7A3B /* Release */,
			);
			defaultConfigurationIsVisible = 0;
			defaultConfigurationName = Release;
		};
		9525AAFA259E660D000B7A3B /* Build configuration list for PBXNativeTarget "PicoCartTests" */ = {
			isa = XCConfigurationList;
			buildConfigurations = (
				9525AAFB259E660D000B7A3B /* Debug */,
				9525AAFC259E660D000B7A3B /* Release */,
			);
			defaultConfigurationIsVisible = 0;
			defaultConfigurationName = Release;
		};
		9525AAFD259E660D000B7A3B /* Build configuration list for PBXNativeTarget "PicoCartUITests" */ = {
			isa = XCConfigurationList;
			buildConfigurations = (
				9525AAFE259E660D000B7A3B /* Debug */,
				9525AAFF259E660D000B7A3B /* Release */,
			);
			defaultConfigurationIsVisible = 0;
			defaultConfigurationName = Release;
		};
/* End XCConfigurationList section */
	};
	rootObject = 9525AAC5259E660B000B7A3B /* Project object */;
}
